
Microsoft Visual Studio Solution File, Format Version 12.00
# Visual Studio Version 17
VisualStudioVersion = 17.9.34723.18
MinimumVisualStudioVersion = 10.0.40219.1
Project("{FAE04EC0-301F-11D3-BF4B-00C04F79EFBC}") = "WebApplication2", "WebApplication2\WebApplication2.csproj", "{C0F1D32F-D555-4D4A-983F-3D0BBD0C9AFD}"
EndProject
Global
	GlobalSection(SolutionConfigurationPlatforms) = preSolution
		Debug|Any CPU = Debug|Any CPU
		Release|Any CPU = Release|Any CPU
	EndGlobalSection
	GlobalSection(ProjectConfigurationPlatforms) = postSolution
		{C0F1D32F-D555-4D4A-983F-3D0BBD0C9AFD}.Debug|Any CPU.ActiveCfg = Debug|Any CPU
		{C0F1D32F-D555-4D4A-983F-3D0BBD0C9AFD}.Debug|Any CPU.Build.0 = Debug|Any CPU
		{C0F1D32F-D555-4D4A-983F-3D0BBD0C9AFD}.Release|Any CPU.ActiveCfg = Release|Any CPU
		{C0F1D32F-D555-4D4A-983F-3D0BBD0C9AFD}.Release|Any CPU.Build.0 = Release|Any CPU
	EndGlobalSection
	GlobalSection(SolutionProperties) = preSolution
		HideSolutionNode = FALSE
	EndGlobalSection
	GlobalSection(ExtensibilityGlobals) = postSolution
		SolutionGuid = {ABD3B96E-569D-4CC1-B49A-6A52330B88C3}
	EndGlobalSection
EndGlobal
